{
  "requires": true,
  "lockfileVersion": 1,
  "dependencies": {
    "@microsoft/microsoft-graph-types": {
      "version": "1.5.0",
      "resolved": "https://registry.npmjs.org/@microsoft/microsoft-graph-types/-/microsoft-graph-types-1.5.0.tgz",
      "integrity": "sha512-eit9LMlhHLyzCByATGL8d7izWNRVBlzrPMfXqy2a9qIVUUNIGxyqkGJNrpEh3EVDXW2r+/ASsBAqzHkm8zWJiQ=="
    },
    "@pnp/common": {
      "version": "1.2.7",
      "resolved": "https://registry.npmjs.org/@pnp/common/-/common-1.2.7.tgz",
      "integrity": "sha512-4tja4zjAHhNZwhkcAhG8MPInFHIlspb7jz/Sk/wCbNCrobNSBGt9hoSvMBAOxYIhUinflCOWmGhk3Xw6vk8EXg==",
      "requires": {
        "adal-angular": "1.0.17",
        "tslib": "1.9.3"
      }
    },
    "@pnp/config-store": {
      "version": "1.2.7",
      "resolved": "https://registry.npmjs.org/@pnp/config-store/-/config-store-1.2.7.tgz",
      "integrity": "sha512-noGoWFeo1ADgb+fY45cBD40jGr9ivfm4RpLaMILkHJyAlC/8PQcWSTuzmLawkwHT28IAYxTlD5QVYrfz1ruy+w==",
      "requires": {
        "tslib": "1.9.3"
      }
    },
    "@pnp/graph": {
      "version": "1.2.7",
      "resolved": "https://registry.npmjs.org/@pnp/graph/-/graph-1.2.7.tgz",
      "integrity": "sha512-ndXYfpJyjc835UoUTN71joWGtv109I/FxeM3z9d7HJaUs9mrGjaPLhhehDB1LgMOnDjp5dkwjHuh8PtH+UFZlQ==",
      "requires": {
        "@microsoft/microsoft-graph-types": "1.5.0",
        "tslib": "1.9.3"
      }
    },
    "@pnp/logging": {
      "version": "1.2.7",
      "resolved": "https://registry.npmjs.org/@pnp/logging/-/logging-1.2.7.tgz",
      "integrity": "sha512-3OlO5o7dfP7q0bAfeZ6sHn3BBYfPM3rpw0w+aZGju84MjM7YcdLS2U5JlXMjb0eKwyA0kZOZeJNLt0l0vuGKrA==",
      "requires": {
        "tslib": "1.9.3"
      }
    },
    "@pnp/odata": {
      "version": "1.2.7",
      "resolved": "https://registry.npmjs.org/@pnp/odata/-/odata-1.2.7.tgz",
      "integrity": "sha512-7hgSZcC0mZd+6YaFWxT6l3QPu3HS2DknIECx/64YHEqF+0qXX6Tcg9Rtn7lsVt6kG3VXSnGnN0A5pCG6VaT5ag==",
      "requires": {
        "tslib": "1.9.3"
      }
    },
    "@pnp/pnpjs": {
      "version": "1.2.7",
      "resolved": "https://registry.npmjs.org/@pnp/pnpjs/-/pnpjs-1.2.7.tgz",
      "integrity": "sha512-PxoPS5mQuGEb6dWJC4ffEqQ/GbF159pSho/O1V0AANNHg/F3eiRAK53yI/WHpUOsNcg/y5n5n8begIR2e5TDhw==",
      "requires": {
        "@pnp/common": "1.2.7",
        "@pnp/config-store": "1.2.7",
        "@pnp/graph": "1.2.7",
        "@pnp/logging": "1.2.7",
        "@pnp/odata": "1.2.7",
        "@pnp/sp": "1.2.7",
        "@pnp/sp-addinhelpers": "1.2.7",
        "tslib": "1.9.3"
      }
    },
    "@pnp/sp": {
      "version": "1.2.7",
      "resolved": "https://registry.npmjs.org/@pnp/sp/-/sp-1.2.7.tgz",
      "integrity": "sha512-shhqPNYBRV7jEO1TLtRzGk/Czd43WFJTqH19Gll2dt9MmTUzLj7Pyc9ioEsSXp6GdjtQ0Qz9e2hVX9UZboLxJQ==",
      "requires": {
        "tslib": "1.9.3"
      }
    },
    "@pnp/sp-addinhelpers": {
      "version": "1.2.7",
      "resolved": "https://registry.npmjs.org/@pnp/sp-addinhelpers/-/sp-addinhelpers-1.2.7.tgz",
      "integrity": "sha512-q/hUEhrkfJQOw+osbR8IWmZ4YwISKVNq/HrwC7Dyd/TmHh/hVnTfzB0KMqCB676YiM7B3hFcDbDtgUp3ii1HpA==",
      "requires": {
        "@types/sharepoint": "2016.1.2",
        "tslib": "1.9.3"
      }
    },
    "@types/microsoft-ajax": {
      "version": "0.0.33",
      "resolved": "https://registry.npmjs.org/@types/microsoft-ajax/-/microsoft-ajax-0.0.33.tgz",
      "integrity": "sha512-R31YIw2FUZsx62yzH1LX9+SV0xCxRn+r6FpYhaEKHAms+3zozMYZZvsJO+I3za+wlE/z03PrePGgCO1rxv7dUg=="
    },
    "@types/sharepoint": {
      "version": "2016.1.2",
      "resolved": "https://registry.npmjs.org/@types/sharepoint/-/sharepoint-2016.1.2.tgz",
      "integrity": "sha512-bGpRxTZ5Cu7f4iYtmqADY2Z8i3OmPlct0wzx/EMPJ2E0m8xfA+XkFiXrjbC3hZQQn7N1aA7a7llnJl+zOc9qwQ==",
      "requires": {
        "@types/microsoft-ajax": "0.0.33"
      }
    },
    "adal-angular": {
      "version": "1.0.17",
      "resolved": "https://registry.npmjs.org/adal-angular/-/adal-angular-1.0.17.tgz",
      "integrity": "sha1-bpNuDkH5HTsqiOf/ypwvb29WLMQ="
    },
    "tslib": {
      "version": "1.9.3",
      "resolved": "https://registry.npmjs.org/tslib/-/tslib-1.9.3.tgz",
      "integrity": "sha512-4krF8scpejhaOgqzBEcGM7yDIEfi0/8+8zDRZhNZZ2kjmHJ4hv3zCbQWxoJGz1iw5U0Jl0nma13xzHXcncMavQ=="
    }
  }
}
